
Microsoft Visual Studio Solution File, Format Version 12.00
# Visual Studio Version 17
VisualStudioVersion = 17.7.34031.279
MinimumVisualStudioVersion = 10.0.40219.1
Project("{9A19103F-16F7-4668-BE54-9A1E7A4F7556}") = "BlazorApp2.Server", "BlazorApp2\Server\BlazorApp2.Server.csproj", "{174C9747-A096-427D-B772-C0615B22C4BA}"
EndProject
Project("{9A19103F-16F7-4668-BE54-9A1E7A4F7556}") = "BlazorApp2.Client", "BlazorApp2\Client\BlazorApp2.Client.csproj", "{DC4C2043-0B32-4B39-82CA-FDB5506E1377}"
EndProject
Project("{9A19103F-16F7-4668-BE54-9A1E7A4F7556}") = "BlazorApp2.Shared", "BlazorApp2\Shared\BlazorApp2.Shared.csproj", "{D9D6A853-F6EF-48B7-83AE-208E0E671A77}"
EndProject
Project("{9A19103F-16F7-4668-BE54-9A1E7A4F7556}") = "BlazorApp.Data", "BlazorApp.Data\BlazorApp.Data.csproj", "{5CC2DF96-0A61-4E4C-A2DE-BD7566EE7A8A}"
EndProject
Global
	GlobalSection(SolutionConfigurationPlatforms) = preSolution
		Debug|Any CPU = Debug|Any CPU
		Release|Any CPU = Release|Any CPU
	EndGlobalSection
	GlobalSection(ProjectConfigurationPlatforms) = postSolution
		{174C9747-A096-427D-B772-C0615B22C4BA}.Debug|Any CPU.ActiveCfg = Debug|Any CPU
		{174C9747-A096-427D-B772-C0615B22C4BA}.Debug|Any CPU.Build.0 = Debug|Any CPU
		{174C9747-A096-427D-B772-C0615B22C4BA}.Release|Any CPU.ActiveCfg = Release|Any CPU
		{174C9747-A096-427D-B772-C0615B22C4BA}.Release|Any CPU.Build.0 = Release|Any CPU
		{DC4C2043-0B32-4B39-82CA-FDB5506E1377}.Debug|Any CPU.ActiveCfg = Debug|Any CPU
		{DC4C2043-0B32-4B39-82CA-FDB5506E1377}.Debug|Any CPU.Build.0 = Debug|Any CPU
		{DC4C2043-0B32-4B39-82CA-FDB5506E1377}.Release|Any CPU.ActiveCfg = Release|Any CPU
		{DC4C2043-0B32-4B39-82CA-FDB5506E1377}.Release|Any CPU.Build.0 = Release|Any CPU
		{D9D6A853-F6EF-48B7-83AE-208E0E671A77}.Debug|Any CPU.ActiveCfg = Debug|Any CPU
		{D9D6A853-F6EF-48B7-83AE-208E0E671A77}.Debug|Any CPU.Build.0 = Debug|Any CPU
		{D9D6A853-F6EF-48B7-83AE-208E0E671A77}.Release|Any CPU.ActiveCfg = Release|Any CPU
		{D9D6A853-F6EF-48B7-83AE-208E0E671A77}.Release|Any CPU.Build.0 = Release|Any CPU
		{5CC2DF96-0A61-4E4C-A2DE-BD7566EE7A8A}.Debug|Any CPU.ActiveCfg = Debug|Any CPU
		{5CC2DF96-0A61-4E4C-A2DE-BD7566EE7A8A}.Debug|Any CPU.Build.0 = Debug|Any CPU
		{5CC2DF96-0A61-4E4C-A2DE-BD7566EE7A8A}.Release|Any CPU.ActiveCfg = Release|Any CPU
		{5CC2DF96-0A61-4E4C-A2DE-BD7566EE7A8A}.Release|Any CPU.Build.0 = Release|Any CPU
	EndGlobalSection
	GlobalSection(SolutionProperties) = preSolution
		HideSolutionNode = FALSE
	EndGlobalSection
	GlobalSection(ExtensibilityGlobals) = postSolution
		SolutionGuid = {05B874E2-F00C-4119-843B-7116206DE831}
	EndGlobalSection
EndGlobal
